
Microsoft Visual Studio Solution File, Format Version 12.00
# Visual Studio Version 17
VisualStudioVersion = 17.0.31903.59
MinimumVisualStudioVersion = 10.0.40219.1
Project("{FAE04EC0-301F-11D3-BF4B-00C04F79EFBC}") = "StoreManagement.Data", "StoreManagement.Data\StoreManagement.Data.csproj", "{6F5799DA-0FF5-440A-A3AE-FBD055B7B1F7}"
EndProject
Project("{FAE04EC0-301F-11D3-BF4B-00C04F79EFBC}") = "StoreManagement.Services", "StoreManagement.Services\StoreManagement.Services.csproj", "{1A7614BF-6C05-4E64-9279-F8BF79230F0F}"
EndProject
Project("{FAE04EC0-301F-11D3-BF4B-00C04F79EFBC}") = "StoreManagement.Web", "StoreManagement.Web\StoreManagement.Web.csproj", "{10B4E09F-6475-478C-97B4-16580D80E376}"
EndProject
Global
	GlobalSection(SolutionConfigurationPlatforms) = preSolution
		Debug|Any CPU = Debug|Any CPU
		Debug|x64 = Debug|x64
		Debug|x86 = Debug|x86
		Release|Any CPU = Release|Any CPU
		Release|x64 = Release|x64
		Release|x86 = Release|x86
	EndGlobalSection
	GlobalSection(ProjectConfigurationPlatforms) = postSolution
		{6F5799DA-0FF5-440A-A3AE-FBD055B7B1F7}.Debug|Any CPU.ActiveCfg = Debug|Any CPU
		{6F5799DA-0FF5-440A-A3AE-FBD055B7B1F7}.Debug|Any CPU.Build.0 = Debug|Any CPU
		{6F5799DA-0FF5-440A-A3AE-FBD055B7B1F7}.Debug|x64.ActiveCfg = Debug|Any CPU
		{6F5799DA-0FF5-440A-A3AE-FBD055B7B1F7}.Debug|x64.Build.0 = Debug|Any CPU
		{6F5799DA-0FF5-440A-A3AE-FBD055B7B1F7}.Debug|x86.ActiveCfg = Debug|Any CPU
		{6F5799DA-0FF5-440A-A3AE-FBD055B7B1F7}.Debug|x86.Build.0 = Debug|Any CPU
		{6F5799DA-0FF5-440A-A3AE-FBD055B7B1F7}.Release|Any CPU.ActiveCfg = Release|Any CPU
		{6F5799DA-0FF5-440A-A3AE-FBD055B7B1F7}.Release|Any CPU.Build.0 = Release|Any CPU
		{6F5799DA-0FF5-440A-A3AE-FBD055B7B1F7}.Release|x64.ActiveCfg = Release|Any CPU
		{6F5799DA-0FF5-440A-A3AE-FBD055B7B1F7}.Release|x64.Build.0 = Release|Any CPU
		{6F5799DA-0FF5-440A-A3AE-FBD055B7B1F7}.Release|x86.ActiveCfg = Release|Any CPU
		{6F5799DA-0FF5-440A-A3AE-FBD055B7B1F7}.Release|x86.Build.0 = Release|Any CPU
		{1A7614BF-6C05-4E64-9279-F8BF79230F0F}.Debug|Any CPU.ActiveCfg = Debug|Any CPU
		{1A7614BF-6C05-4E64-9279-F8BF79230F0F}.Debug|Any CPU.Build.0 = Debug|Any CPU
		{1A7614BF-6C05-4E64-9279-F8BF79230F0F}.Debug|x64.ActiveCfg = Debug|Any CPU
		{1A7614BF-6C05-4E64-9279-F8BF79230F0F}.Debug|x64.Build.0 = Debug|Any CPU
		{1A7614BF-6C05-4E64-9279-F8BF79230F0F}.Debug|x86.ActiveCfg = Debug|Any CPU
		{1A7614BF-6C05-4E64-9279-F8BF79230F0F}.Debug|x86.Build.0 = Debug|Any CPU
		{1A7614BF-6C05-4E64-9279-F8BF79230F0F}.Release|Any CPU.ActiveCfg = Release|Any CPU
		{1A7614BF-6C05-4E64-9279-F8BF79230F0F}.Release|Any CPU.Build.0 = Release|Any CPU
		{1A7614BF-6C05-4E64-9279-F8BF79230F0F}.Release|x64.ActiveCfg = Release|Any CPU
		{1A7614BF-6C05-4E64-9279-F8BF79230F0F}.Release|x64.Build.0 = Release|Any CPU
		{1A7614BF-6C05-4E64-9279-F8BF79230F0F}.Release|x86.ActiveCfg = Release|Any CPU
		{1A7614BF-6C05-4E64-9279-F8BF79230F0F}.Release|x86.Build.0 = Release|Any CPU
		{10B4E09F-6475-478C-97B4-16580D80E376}.Debug|Any CPU.ActiveCfg = Debug|Any CPU
		{10B4E09F-6475-478C-97B4-16580D80E376}.Debug|Any CPU.Build.0 = Debug|Any CPU
		{10B4E09F-6475-478C-97B4-16580D80E376}.Debug|x64.ActiveCfg = Debug|Any CPU
		{10B4E09F-6475-478C-97B4-16580D80E376}.Debug|x64.Build.0 = Debug|Any CPU
		{10B4E09F-6475-478C-97B4-16580D80E376}.Debug|x86.ActiveCfg = Debug|Any CPU
		{10B4E09F-6475-478C-97B4-16580D80E376}.Debug|x86.Build.0 = Debug|Any CPU
		{10B4E09F-6475-478C-97B4-16580D80E376}.Release|Any CPU.ActiveCfg = Release|Any CPU
		{10B4E09F-6475-478C-97B4-16580D80E376}.Release|Any CPU.Build.0 = Release|Any CPU
		{10B4E09F-6475-478C-97B4-16580D80E376}.Release|x64.ActiveCfg = Release|Any CPU
		{10B4E09F-6475-478C-97B4-16580D80E376}.Release|x64.Build.0 = Release|Any CPU
		{10B4E09F-6475-478C-97B4-16580D80E376}.Release|x86.ActiveCfg = Release|Any CPU
		{10B4E09F-6475-478C-97B4-16580D80E376}.Release|x86.Build.0 = Release|Any CPU
	EndGlobalSection
	GlobalSection(SolutionProperties) = preSolution
		HideSolutionNode = FALSE
	EndGlobalSection
EndGlobal
